
Microsoft Visual Studio Solution File, Format Version 12.00
# Visual Studio 15
VisualStudioVersion = 15.0.28307.1913
MinimumVisualStudioVersion = 10.0.40219.1
Project("{FAE04EC0-301F-11D3-BF4B-00C04F79EFBC}") = "TelebeProqrami", "TelebeProqrami\TelebeProqrami.csproj", "{0947F906-07E6-4758-8202-385FF357328E}"
EndProject
Global
	GlobalSection(SolutionConfigurationPlatforms) = preSolution
		Debug|Any CPU = Debug|Any CPU
		Release|Any CPU = Release|Any CPU
	EndGlobalSection
	GlobalSection(ProjectConfigurationPlatforms) = postSolution
		{0947F906-07E6-4758-8202-385FF357328E}.Debug|Any CPU.ActiveCfg = Debug|Any CPU
		{0947F906-07E6-4758-8202-385FF357328E}.Debug|Any CPU.Build.0 = Debug|Any CPU
		{0947F906-07E6-4758-8202-385FF357328E}.Release|Any CPU.ActiveCfg = Release|Any CPU
		{0947F906-07E6-4758-8202-385FF357328E}.Release|Any CPU.Build.0 = Release|Any CPU
	EndGlobalSection
	GlobalSection(SolutionProperties) = preSolution
		HideSolutionNode = FALSE
	EndGlobalSection
	GlobalSection(ExtensibilityGlobals) = postSolution
		SolutionGuid = {F3F9453C-BA99-45AC-99B9-7A35FA20955B}
	EndGlobalSection
EndGlobal
